
Microsoft Visual Studio Solution File, Format Version 12.00
Project("{FAE04EC0-301F-11D3-BF4B-00C04F79EFBC}") = "CMSTrain.API", "CMSTrain.API\CMSTrain.API.csproj", "{AA2752BA-8024-4D15-ACFA-CBAFB1B18ED3}"
EndProject
Project("{2150E333-8FDC-42A3-9474-1A3956D46DE8}") = "src", "src", "{5BA2339A-9C95-4991-829D-67D4F2BAD606}"
EndProject
Project("{2150E333-8FDC-42A3-9474-1A3956D46DE8}") = "tests", "tests", "{2EC47C91-AB48-4ED2-A500-7C2328A269D1}"
EndProject
Project("{FAE04EC0-301F-11D3-BF4B-00C04F79EFBC}") = "CMSTrain.Application", "CMSTrain.Application\CMSTrain.Application.csproj", "{1C7ECA0A-D102-426B-89D1-D6D01E620FFA}"
EndProject
Project("{2150E333-8FDC-42A3-9474-1A3956D46DE8}") = "API", "API", "{E1D05E69-62F2-48FC-970D-FDA3C9D5B285}"
EndProject
Project("{2150E333-8FDC-42A3-9474-1A3956D46DE8}") = "Core", "Core", "{BCCC0909-8F7C-48C7-BAC9-FDC1B9A29013}"
EndProject
Project("{2150E333-8FDC-42A3-9474-1A3956D46DE8}") = "Infrastructure", "Infrastructure", "{864AB755-3BDB-47E7-B581-C518039BB3B9}"
EndProject
Project("{FAE04EC0-301F-11D3-BF4B-00C04F79EFBC}") = "CMSTrain.Domain", "CMSTrain.Domain\CMSTrain.Domain.csproj", "{985C7E15-2E78-4636-A518-D3BA47C4B5FE}"
EndProject
Project("{FAE04EC0-301F-11D3-BF4B-00C04F79EFBC}") = "CMSTrain.Identity", "CMSTrain.Identity\CMSTrain.Identity.csproj", "{E78B1EBA-4B1D-4A0D-8255-750D5035BD3E}"
EndProject
Project("{FAE04EC0-301F-11D3-BF4B-00C04F79EFBC}") = "CMSTrain.Infrastructure", "CMSTrain.Infrastructure\CMSTrain.Infrastructure.csproj", "{7C85465A-1770-4D70-BC68-CB077C3FA31E}"
EndProject
Project("{2150E333-8FDC-42A3-9474-1A3956D46DE8}") = "Migrators", "Migrators", "{D102258C-8363-41FD-846E-E0E7E3B69A8A}"
EndProject
Project("{FAE04EC0-301F-11D3-BF4B-00C04F79EFBC}") = "CMSTrain.Migrators.PostgreSQL", "CMSTrain.Migrators.PostgreSQL\CMSTrain.Migrators.PostgreSQL.csproj", "{695DDEB1-4859-4859-9F73-620830F507A4}"
EndProject
Project("{FAE04EC0-301F-11D3-BF4B-00C04F79EFBC}") = "CMSTrain.Migrators.SQLServer", "CMSTrain.Migrators.SQLServer\CMSTrain.Migrators.SQLServer.csproj", "{985B7B95-376B-4B59-9CF7-407CDD81960E}"
EndProject
Project("{FAE04EC0-301F-11D3-BF4B-00C04F79EFBC}") = "CMSTrain.Helper", "CMSTrain.Helper\CMSTrain.Helper.csproj", "{B248A1E4-2EE0-4E0A-B694-5A1C4035ABB6}"
EndProject
Global
	GlobalSection(SolutionConfigurationPlatforms) = preSolution
		Debug|Any CPU = Debug|Any CPU
		Release|Any CPU = Release|Any CPU
	EndGlobalSection
	GlobalSection(ProjectConfigurationPlatforms) = postSolution
		{AA2752BA-8024-4D15-ACFA-CBAFB1B18ED3}.Debug|Any CPU.ActiveCfg = Debug|Any CPU
		{AA2752BA-8024-4D15-ACFA-CBAFB1B18ED3}.Debug|Any CPU.Build.0 = Debug|Any CPU
		{AA2752BA-8024-4D15-ACFA-CBAFB1B18ED3}.Release|Any CPU.ActiveCfg = Release|Any CPU
		{AA2752BA-8024-4D15-ACFA-CBAFB1B18ED3}.Release|Any CPU.Build.0 = Release|Any CPU
		{1C7ECA0A-D102-426B-89D1-D6D01E620FFA}.Debug|Any CPU.ActiveCfg = Debug|Any CPU
		{1C7ECA0A-D102-426B-89D1-D6D01E620FFA}.Debug|Any CPU.Build.0 = Debug|Any CPU
		{1C7ECA0A-D102-426B-89D1-D6D01E620FFA}.Release|Any CPU.ActiveCfg = Release|Any CPU
		{1C7ECA0A-D102-426B-89D1-D6D01E620FFA}.Release|Any CPU.Build.0 = Release|Any CPU
		{985C7E15-2E78-4636-A518-D3BA47C4B5FE}.Debug|Any CPU.ActiveCfg = Debug|Any CPU
		{985C7E15-2E78-4636-A518-D3BA47C4B5FE}.Debug|Any CPU.Build.0 = Debug|Any CPU
		{985C7E15-2E78-4636-A518-D3BA47C4B5FE}.Release|Any CPU.ActiveCfg = Release|Any CPU
		{985C7E15-2E78-4636-A518-D3BA47C4B5FE}.Release|Any CPU.Build.0 = Release|Any CPU
		{E78B1EBA-4B1D-4A0D-8255-750D5035BD3E}.Debug|Any CPU.ActiveCfg = Debug|Any CPU
		{E78B1EBA-4B1D-4A0D-8255-750D5035BD3E}.Debug|Any CPU.Build.0 = Debug|Any CPU
		{E78B1EBA-4B1D-4A0D-8255-750D5035BD3E}.Release|Any CPU.ActiveCfg = Release|Any CPU
		{E78B1EBA-4B1D-4A0D-8255-750D5035BD3E}.Release|Any CPU.Build.0 = Release|Any CPU
		{7C85465A-1770-4D70-BC68-CB077C3FA31E}.Debug|Any CPU.ActiveCfg = Debug|Any CPU
		{7C85465A-1770-4D70-BC68-CB077C3FA31E}.Debug|Any CPU.Build.0 = Debug|Any CPU
		{7C85465A-1770-4D70-BC68-CB077C3FA31E}.Release|Any CPU.ActiveCfg = Release|Any CPU
		{7C85465A-1770-4D70-BC68-CB077C3FA31E}.Release|Any CPU.Build.0 = Release|Any CPU
		{695DDEB1-4859-4859-9F73-620830F507A4}.Debug|Any CPU.ActiveCfg = Debug|Any CPU
		{695DDEB1-4859-4859-9F73-620830F507A4}.Debug|Any CPU.Build.0 = Debug|Any CPU
		{695DDEB1-4859-4859-9F73-620830F507A4}.Release|Any CPU.ActiveCfg = Release|Any CPU
		{695DDEB1-4859-4859-9F73-620830F507A4}.Release|Any CPU.Build.0 = Release|Any CPU
		{985B7B95-376B-4B59-9CF7-407CDD81960E}.Debug|Any CPU.ActiveCfg = Debug|Any CPU
		{985B7B95-376B-4B59-9CF7-407CDD81960E}.Debug|Any CPU.Build.0 = Debug|Any CPU
		{985B7B95-376B-4B59-9CF7-407CDD81960E}.Release|Any CPU.ActiveCfg = Release|Any CPU
		{985B7B95-376B-4B59-9CF7-407CDD81960E}.Release|Any CPU.Build.0 = Release|Any CPU
		{B248A1E4-2EE0-4E0A-B694-5A1C4035ABB6}.Debug|Any CPU.ActiveCfg = Debug|Any CPU
		{B248A1E4-2EE0-4E0A-B694-5A1C4035ABB6}.Debug|Any CPU.Build.0 = Debug|Any CPU
		{B248A1E4-2EE0-4E0A-B694-5A1C4035ABB6}.Release|Any CPU.ActiveCfg = Release|Any CPU
		{B248A1E4-2EE0-4E0A-B694-5A1C4035ABB6}.Release|Any CPU.Build.0 = Release|Any CPU
	EndGlobalSection
	GlobalSection(NestedProjects) = preSolution
		{E1D05E69-62F2-48FC-970D-FDA3C9D5B285} = {5BA2339A-9C95-4991-829D-67D4F2BAD606}
		{BCCC0909-8F7C-48C7-BAC9-FDC1B9A29013} = {5BA2339A-9C95-4991-829D-67D4F2BAD606}
		{864AB755-3BDB-47E7-B581-C518039BB3B9} = {5BA2339A-9C95-4991-829D-67D4F2BAD606}
		{AA2752BA-8024-4D15-ACFA-CBAFB1B18ED3} = {E1D05E69-62F2-48FC-970D-FDA3C9D5B285}
		{1C7ECA0A-D102-426B-89D1-D6D01E620FFA} = {BCCC0909-8F7C-48C7-BAC9-FDC1B9A29013}
		{985C7E15-2E78-4636-A518-D3BA47C4B5FE} = {BCCC0909-8F7C-48C7-BAC9-FDC1B9A29013}
		{E78B1EBA-4B1D-4A0D-8255-750D5035BD3E} = {864AB755-3BDB-47E7-B581-C518039BB3B9}
		{7C85465A-1770-4D70-BC68-CB077C3FA31E} = {864AB755-3BDB-47E7-B581-C518039BB3B9}
		{D102258C-8363-41FD-846E-E0E7E3B69A8A} = {5BA2339A-9C95-4991-829D-67D4F2BAD606}
		{695DDEB1-4859-4859-9F73-620830F507A4} = {D102258C-8363-41FD-846E-E0E7E3B69A8A}
		{985B7B95-376B-4B59-9CF7-407CDD81960E} = {D102258C-8363-41FD-846E-E0E7E3B69A8A}
		{B248A1E4-2EE0-4E0A-B694-5A1C4035ABB6} = {864AB755-3BDB-47E7-B581-C518039BB3B9}
	EndGlobalSection
EndGlobal
